github.com/gossie/aoc-utils v0.0.3 h1:9i9x1h0DpvYjIvgwdgHTocumaxPPXXg89zMRaI0kDTA=
github.com/gossie/aoc-utils v0.0.3/go.mod h1:KUgcY5moo9YscBQfAVRK8hE0b3VVawjeW6wJ9gPE3Q0=
github.com/gossie/equations v0.0.1 h1:dw1hzG9ZfjsP8JvzcuCDvzDbIBY9/ZZS2AgT0GhIkAE=
github.com/gossie/equations v0.0.1/go.mod h1:qo/7HDg+Pq+GZzV14MtmtKaE50+ZjbmYUq78N5kgcsc=
